
Microsoft Visual Studio Solution File, Format Version 12.00
# Visual Studio Version 17
VisualStudioVersion = 17.0.31919.166
MinimumVisualStudioVersion = 10.0.40219.1
Project("{9A19103F-16F7-4668-BE54-9A1E7A4F7556}") = "Vue", "Vue\Vue.csproj", "{38F9FFD1-7BC0-4357-BA03-CF5B501F85B9}"
EndProject
Project("{9A19103F-16F7-4668-BE54-9A1E7A4F7556}") = "Model", "model\Model.csproj", "{D9176837-1B3A-4A8B-B45D-5DD82FC72BF0}"
EndProject
Project("{9A19103F-16F7-4668-BE54-9A1E7A4F7556}") = "Console", "Console\Console.csproj", "{3F24F850-1BA8-439E-90CA-B9D98DE2E56D}"
	ProjectSection(ProjectDependencies) = postProject
		{D9176837-1B3A-4A8B-B45D-5DD82FC72BF0} = {D9176837-1B3A-4A8B-B45D-5DD82FC72BF0}
	EndProjectSection
EndProject
Project("{9A19103F-16F7-4668-BE54-9A1E7A4F7556}") = "ModelTests", "modelTests\ModelTests.csproj", "{F37B866E-B0BC-49ED-A6F6-6F820E1379D5}"
EndProject
Project("{FAE04EC0-301F-11D3-BF4B-00C04F79EFBC}") = "BDD", "BDD\BDD.csproj", "{41F228A3-B08C-4A7E-88E7-76A44F6CCC7E}"
EndProject
Project("{FAE04EC0-301F-11D3-BF4B-00C04F79EFBC}") = "DataBase", "DataBase\DataBase.csproj", "{F5DDEE9F-A754-47D7-AF51-CC97F41ABD1C}"
EndProject
Global
	GlobalSection(SolutionConfigurationPlatforms) = preSolution
		Debug|Any CPU = Debug|Any CPU
		Release|Any CPU = Release|Any CPU
	EndGlobalSection
	GlobalSection(ProjectConfigurationPlatforms) = postSolution
		{38F9FFD1-7BC0-4357-BA03-CF5B501F85B9}.Debug|Any CPU.ActiveCfg = Debug|Any CPU
		{38F9FFD1-7BC0-4357-BA03-CF5B501F85B9}.Debug|Any CPU.Build.0 = Debug|Any CPU
		{38F9FFD1-7BC0-4357-BA03-CF5B501F85B9}.Release|Any CPU.ActiveCfg = Release|Any CPU
		{38F9FFD1-7BC0-4357-BA03-CF5B501F85B9}.Release|Any CPU.Build.0 = Release|Any CPU
		{D9176837-1B3A-4A8B-B45D-5DD82FC72BF0}.Debug|Any CPU.ActiveCfg = Debug|Any CPU
		{D9176837-1B3A-4A8B-B45D-5DD82FC72BF0}.Debug|Any CPU.Build.0 = Debug|Any CPU
		{D9176837-1B3A-4A8B-B45D-5DD82FC72BF0}.Release|Any CPU.ActiveCfg = Release|Any CPU
		{D9176837-1B3A-4A8B-B45D-5DD82FC72BF0}.Release|Any CPU.Build.0 = Release|Any CPU
		{3F24F850-1BA8-439E-90CA-B9D98DE2E56D}.Debug|Any CPU.ActiveCfg = Debug|Any CPU
		{3F24F850-1BA8-439E-90CA-B9D98DE2E56D}.Debug|Any CPU.Build.0 = Debug|Any CPU
		{3F24F850-1BA8-439E-90CA-B9D98DE2E56D}.Release|Any CPU.ActiveCfg = Release|Any CPU
		{3F24F850-1BA8-439E-90CA-B9D98DE2E56D}.Release|Any CPU.Build.0 = Release|Any CPU
		{F37B866E-B0BC-49ED-A6F6-6F820E1379D5}.Debug|Any CPU.ActiveCfg = Debug|Any CPU
		{F37B866E-B0BC-49ED-A6F6-6F820E1379D5}.Debug|Any CPU.Build.0 = Debug|Any CPU
		{F37B866E-B0BC-49ED-A6F6-6F820E1379D5}.Release|Any CPU.ActiveCfg = Release|Any CPU
		{F37B866E-B0BC-49ED-A6F6-6F820E1379D5}.Release|Any CPU.Build.0 = Release|Any CPU
		{41F228A3-B08C-4A7E-88E7-76A44F6CCC7E}.Debug|Any CPU.ActiveCfg = Debug|Any CPU
		{41F228A3-B08C-4A7E-88E7-76A44F6CCC7E}.Debug|Any CPU.Build.0 = Debug|Any CPU
		{41F228A3-B08C-4A7E-88E7-76A44F6CCC7E}.Release|Any CPU.ActiveCfg = Release|Any CPU
		{41F228A3-B08C-4A7E-88E7-76A44F6CCC7E}.Release|Any CPU.Build.0 = Release|Any CPU
		{F5DDEE9F-A754-47D7-AF51-CC97F41ABD1C}.Debug|Any CPU.ActiveCfg = Debug|Any CPU
		{F5DDEE9F-A754-47D7-AF51-CC97F41ABD1C}.Debug|Any CPU.Build.0 = Debug|Any CPU
		{F5DDEE9F-A754-47D7-AF51-CC97F41ABD1C}.Release|Any CPU.ActiveCfg = Release|Any CPU
		{F5DDEE9F-A754-47D7-AF51-CC97F41ABD1C}.Release|Any CPU.Build.0 = Release|Any CPU
	EndGlobalSection
	GlobalSection(SolutionProperties) = preSolution
		HideSolutionNode = FALSE
	EndGlobalSection
	GlobalSection(ExtensibilityGlobals) = postSolution
		SolutionGuid = {8F16BE14-8424-423A-A5A1-F9D901347FDC}
	EndGlobalSection
EndGlobal
